Microsoft Visual Studio Solution File, Format Version 12.00
# Visual Studio Version 17
VisualStudioVersion = 17.5.2.0
MinimumVisualStudioVersion = 10.0.40219.1
Project("{FAE04EC0-301F-11D3-BF4B-00C04F79EFBC}") = "SampleApp", "SampleApp.csproj", "{0035CB67-ADC7-446D-9358-4B84B1E8C153}"
EndProject
Global
	GlobalSection(SolutionConfigurationPlatforms) = preSolution
		Debug|Any CPU = Debug|Any CPU
		Release|Any CPU = Release|Any CPU
	EndGlobalSection
	GlobalSection(ProjectConfigurationPlatforms) = postSolution
		{0035CB67-ADC7-446D-9358-4B84B1E8C153}.Debug|Any CPU.ActiveCfg = Debug|Any CPU
		{0035CB67-ADC7-446D-9358-4B84B1E8C153}.Debug|Any CPU.Build.0 = Debug|Any CPU
		{0035CB67-ADC7-446D-9358-4B84B1E8C153}.Release|Any CPU.ActiveCfg = Release|Any CPU
		{0035CB67-ADC7-446D-9358-4B84B1E8C153}.Release|Any CPU.Build.0 = Release|Any CPU
	EndGlobalSection
	GlobalSection(SolutionProperties) = preSolution
		HideSolutionNode = FALSE
	EndGlobalSection
	GlobalSection(ExtensibilityGlobals) = postSolution
		SolutionGuid = {EAEBB0D2-00DA-483F-9A52-F1393E1EC7AE}
	EndGlobalSection
EndGlobal
